
Microsoft Visual Studio Solution File, Format Version 12.00
# Visual Studio 15
VisualStudioVersion = 15.0.26730.10
MinimumVisualStudioVersion = 10.0.40219.1
Project("{2150E333-8FDC-42A3-9474-1A3956D46DE8}") = "Aula1", "Aula1", "{B0535F17-201B-4065-8E08-741F61BDBEDE}"
EndProject
Project("{FAE04EC0-301F-11D3-BF4B-00C04F79EFBC}") = "A1.1-SortedList", "A1.1-SortedList\A1.1-SortedList.csproj", "{3ED3D9F1-54F7-4CDA-8055-CB6134C26A3F}"
EndProject
Project("{FAE04EC0-301F-11D3-BF4B-00C04F79EFBC}") = "A1.2-SortedDictionary", "A1.2-SortedDictionary\A1.2-SortedDictionary.csproj", "{A0261DFA-1D08-4FC8-8EFE-22CEBB30E951}"
EndProject
Project("{FAE04EC0-301F-11D3-BF4B-00C04F79EFBC}") = "A1.3-SortedSet", "A1.3-SortedSet\A1.3-SortedSet.csproj", "{BCDA3665-D2B8-48EB-ACED-2A90162D7A70}"
EndProject
Project("{2150E333-8FDC-42A3-9474-1A3956D46DE8}") = "Aula2", "Aula2", "{95E42166-2FFF-4765-92ED-43C0903B7715}"
EndProject
Project("{FAE04EC0-301F-11D3-BF4B-00C04F79EFBC}") = "A2.1-ArraysMultidimensionais", "A2.1-ArraysMultidimensionais\A2.1-ArraysMultidimensionais.csproj", "{BF047A9E-5CA3-4793-9253-C330A998D166}"
EndProject
Project("{FAE04EC0-301F-11D3-BF4B-00C04F79EFBC}") = "A2.2-JaggedArrays", "A2.2-JaggedArrays\A2.2-JaggedArrays.csproj", "{A9ECC666-E8E3-408D-88B6-7135E07FD68C}"
EndProject
Project("{2150E333-8FDC-42A3-9474-1A3956D46DE8}") = "Aula3", "Aula3", "{A32109BF-F1AF-4129-A4E5-D20DE998C588}"
EndProject
Project("{FAE04EC0-301F-11D3-BF4B-00C04F79EFBC}") = "A3.1-ConsultandoCollections", "A3.1-ConsultandoCollections\A3.1-ConsultandoCollections.csproj", "{A55E08C2-F246-49C1-8D4F-797C652E0FDE}"
EndProject
Project("{2150E333-8FDC-42A3-9474-1A3956D46DE8}") = "Aula4", "Aula4", "{D9EABCEA-91C9-46DC-B34E-F433BB5DA871}"
EndProject
Project("{FAE04EC0-301F-11D3-BF4B-00C04F79EFBC}") = "A4.1-OutrosOperadoresLINQ", "A4.1-OutrosOperadoresLINQ\A4.1-OutrosOperadoresLINQ.csproj", "{FDBF14B9-B66C-4E1B-AF7D-6AFD76A06E67}"
EndProject
Project("{FAE04EC0-301F-11D3-BF4B-00C04F79EFBC}") = "A4.2-OperadoresDeConjuntos", "A4.2-OperadoresDeConjuntos\A4.2-OperadoresDeConjuntos.csproj", "{16841A17-020B-44F8-9678-221F43AB51A8}"
EndProject
Project("{2150E333-8FDC-42A3-9474-1A3956D46DE8}") = "Aula5", "Aula5", "{E1E5ABC8-F341-47FE-8FD8-8DD04AB2C660}"
EndProject
Project("{FAE04EC0-301F-11D3-BF4B-00C04F79EFBC}") = "A5.1-Covariancia", "A5.1-Covariancia\A5.1-Covariancia.csproj", "{952D067A-C201-4FC9-A7C5-CF8BE6D87FE0}"
EndProject
Project("{FAE04EC0-301F-11D3-BF4B-00C04F79EFBC}") = "A5.2-Foreach", "A5.2-ModificandoAoEnumerar\A5.2-Foreach.csproj", "{E2018050-7EDA-4656-80E1-BEDD2EC8EA33}"
EndProject
Global
	GlobalSection(SolutionConfigurationPlatforms) = preSolution
		Debug|Any CPU = Debug|Any CPU
		Release|Any CPU = Release|Any CPU
	EndGlobalSection
	GlobalSection(ProjectConfigurationPlatforms) = postSolution
		{3ED3D9F1-54F7-4CDA-8055-CB6134C26A3F}.Debug|Any CPU.ActiveCfg = Debug|Any CPU
		{3ED3D9F1-54F7-4CDA-8055-CB6134C26A3F}.Debug|Any CPU.Build.0 = Debug|Any CPU
		{3ED3D9F1-54F7-4CDA-8055-CB6134C26A3F}.Release|Any CPU.ActiveCfg = Release|Any CPU
		{3ED3D9F1-54F7-4CDA-8055-CB6134C26A3F}.Release|Any CPU.Build.0 = Release|Any CPU
		{A0261DFA-1D08-4FC8-8EFE-22CEBB30E951}.Debug|Any CPU.ActiveCfg = Debug|Any CPU
		{A0261DFA-1D08-4FC8-8EFE-22CEBB30E951}.Debug|Any CPU.Build.0 = Debug|Any CPU
		{A0261DFA-1D08-4FC8-8EFE-22CEBB30E951}.Release|Any CPU.ActiveCfg = Release|Any CPU
		{A0261DFA-1D08-4FC8-8EFE-22CEBB30E951}.Release|Any CPU.Build.0 = Release|Any CPU
		{BCDA3665-D2B8-48EB-ACED-2A90162D7A70}.Debug|Any CPU.ActiveCfg = Debug|Any CPU
		{BCDA3665-D2B8-48EB-ACED-2A90162D7A70}.Debug|Any CPU.Build.0 = Debug|Any CPU
		{BCDA3665-D2B8-48EB-ACED-2A90162D7A70}.Release|Any CPU.ActiveCfg = Release|Any CPU
		{BCDA3665-D2B8-48EB-ACED-2A90162D7A70}.Release|Any CPU.Build.0 = Release|Any CPU
		{BF047A9E-5CA3-4793-9253-C330A998D166}.Debug|Any CPU.ActiveCfg = Debug|Any CPU
		{BF047A9E-5CA3-4793-9253-C330A998D166}.Debug|Any CPU.Build.0 = Debug|Any CPU
		{BF047A9E-5CA3-4793-9253-C330A998D166}.Release|Any CPU.ActiveCfg = Release|Any CPU
		{BF047A9E-5CA3-4793-9253-C330A998D166}.Release|Any CPU.Build.0 = Release|Any CPU
		{A9ECC666-E8E3-408D-88B6-7135E07FD68C}.Debug|Any CPU.ActiveCfg = Debug|Any CPU
		{A9ECC666-E8E3-408D-88B6-7135E07FD68C}.Debug|Any CPU.Build.0 = Debug|Any CPU
		{A9ECC666-E8E3-408D-88B6-7135E07FD68C}.Release|Any CPU.ActiveCfg = Release|Any CPU
		{A9ECC666-E8E3-408D-88B6-7135E07FD68C}.Release|Any CPU.Build.0 = Release|Any CPU
		{A55E08C2-F246-49C1-8D4F-797C652E0FDE}.Debug|Any CPU.ActiveCfg = Debug|Any CPU
		{A55E08C2-F246-49C1-8D4F-797C652E0FDE}.Debug|Any CPU.Build.0 = Debug|Any CPU
		{A55E08C2-F246-49C1-8D4F-797C652E0FDE}.Release|Any CPU.ActiveCfg = Release|Any CPU
		{A55E08C2-F246-49C1-8D4F-797C652E0FDE}.Release|Any CPU.Build.0 = Release|Any CPU
		{FDBF14B9-B66C-4E1B-AF7D-6AFD76A06E67}.Debug|Any CPU.ActiveCfg = Debug|Any CPU
		{FDBF14B9-B66C-4E1B-AF7D-6AFD76A06E67}.Debug|Any CPU.Build.0 = Debug|Any CPU
		{FDBF14B9-B66C-4E1B-AF7D-6AFD76A06E67}.Release|Any CPU.ActiveCfg = Release|Any CPU
		{FDBF14B9-B66C-4E1B-AF7D-6AFD76A06E67}.Release|Any CPU.Build.0 = Release|Any CPU
		{16841A17-020B-44F8-9678-221F43AB51A8}.Debug|Any CPU.ActiveCfg = Debug|Any CPU
		{16841A17-020B-44F8-9678-221F43AB51A8}.Debug|Any CPU.Build.0 = Debug|Any CPU
		{16841A17-020B-44F8-9678-221F43AB51A8}.Release|Any CPU.ActiveCfg = Release|Any CPU
		{16841A17-020B-44F8-9678-221F43AB51A8}.Release|Any CPU.Build.0 = Release|Any CPU
		{952D067A-C201-4FC9-A7C5-CF8BE6D87FE0}.Debug|Any CPU.ActiveCfg = Debug|Any CPU
		{952D067A-C201-4FC9-A7C5-CF8BE6D87FE0}.Debug|Any CPU.Build.0 = Debug|Any CPU
		{952D067A-C201-4FC9-A7C5-CF8BE6D87FE0}.Release|Any CPU.ActiveCfg = Release|Any CPU
		{952D067A-C201-4FC9-A7C5-CF8BE6D87FE0}.Release|Any CPU.Build.0 = Release|Any CPU
		{E2018050-7EDA-4656-80E1-BEDD2EC8EA33}.Debug|Any CPU.ActiveCfg = Debug|Any CPU
		{E2018050-7EDA-4656-80E1-BEDD2EC8EA33}.Debug|Any CPU.Build.0 = Debug|Any CPU
		{E2018050-7EDA-4656-80E1-BEDD2EC8EA33}.Release|Any CPU.ActiveCfg = Release|Any CPU
		{E2018050-7EDA-4656-80E1-BEDD2EC8EA33}.Release|Any CPU.Build.0 = Release|Any CPU
	EndGlobalSection
	GlobalSection(SolutionProperties) = preSolution
		HideSolutionNode = FALSE
	EndGlobalSection
	GlobalSection(NestedProjects) = preSolution
		{3ED3D9F1-54F7-4CDA-8055-CB6134C26A3F} = {B0535F17-201B-4065-8E08-741F61BDBEDE}
		{A0261DFA-1D08-4FC8-8EFE-22CEBB30E951} = {B0535F17-201B-4065-8E08-741F61BDBEDE}
		{BCDA3665-D2B8-48EB-ACED-2A90162D7A70} = {B0535F17-201B-4065-8E08-741F61BDBEDE}
		{BF047A9E-5CA3-4793-9253-C330A998D166} = {95E42166-2FFF-4765-92ED-43C0903B7715}
		{A9ECC666-E8E3-408D-88B6-7135E07FD68C} = {95E42166-2FFF-4765-92ED-43C0903B7715}
		{A55E08C2-F246-49C1-8D4F-797C652E0FDE} = {A32109BF-F1AF-4129-A4E5-D20DE998C588}
		{FDBF14B9-B66C-4E1B-AF7D-6AFD76A06E67} = {D9EABCEA-91C9-46DC-B34E-F433BB5DA871}
		{16841A17-020B-44F8-9678-221F43AB51A8} = {D9EABCEA-91C9-46DC-B34E-F433BB5DA871}
		{952D067A-C201-4FC9-A7C5-CF8BE6D87FE0} = {E1E5ABC8-F341-47FE-8FD8-8DD04AB2C660}
		{E2018050-7EDA-4656-80E1-BEDD2EC8EA33} = {E1E5ABC8-F341-47FE-8FD8-8DD04AB2C660}
	EndGlobalSection
	GlobalSection(ExtensibilityGlobals) = postSolution
		SolutionGuid = {3412C4C7-87E1-4020-AD51-4C07B98A6F42}
	EndGlobalSection
EndGlobal
